
Microsoft Visual Studio Solution File, Format Version 12.00
# Visual Studio Version 16
VisualStudioVersion = 16.0.29728.190
MinimumVisualStudioVersion = 10.0.40219.1
Project("{9A19103F-16F7-4668-BE54-9A1E7A4F7556}") = "DIP", "DIP\DIP.csproj", "{A35EA66D-009D-47FF-B33B-DC523A1ADF9D}"
EndProject
Project("{9A19103F-16F7-4668-BE54-9A1E7A4F7556}") = "StrategyPattern", "StrategyPattern\StrategyPattern.csproj", "{EF9C5553-7266-402C-B25A-C7D371462044}"
EndProject
Project("{9A19103F-16F7-4668-BE54-9A1E7A4F7556}") = "ObserverPattern", "ObserverPattern\ObserverPattern.csproj", "{454C7E20-30E7-4852-B0BB-65BEF435F29D}"
EndProject
Project("{9A19103F-16F7-4668-BE54-9A1E7A4F7556}") = "Decorator", "Decorator\Decorator.csproj", "{971B9E7F-D0B6-4D00-8E78-B9ADE1E292F0}"
EndProject
Project("{9A19103F-16F7-4668-BE54-9A1E7A4F7556}") = "FactoryMethod", "FactoryMethod\FactoryMethod.csproj", "{F9CB13B0-16A2-4716-BF29-8B680E51379B}"
EndProject
Project("{9A19103F-16F7-4668-BE54-9A1E7A4F7556}") = "CommandPattern", "CommandPattern\CommandPattern.csproj", "{FABB72D6-1DAF-436A-BF4D-9898576468C6}"
EndProject
Project("{9A19103F-16F7-4668-BE54-9A1E7A4F7556}") = "Iterator", "Iterator\Iterator.csproj", "{34BC5CF5-5474-4E51-9994-FAE9ADBAA687}"
EndProject
Project("{9A19103F-16F7-4668-BE54-9A1E7A4F7556}") = "Composite", "Composite\Composite.csproj", "{8A8A3280-0758-4C37-A44F-9173BAA95350}"
EndProject
Project("{9A19103F-16F7-4668-BE54-9A1E7A4F7556}") = "State1", "State\State1.csproj", "{91326AB9-1FED-4110-A783-E15BCD98E1DA}"
EndProject
Project("{9A19103F-16F7-4668-BE54-9A1E7A4F7556}") = "State2", "State2\State2.csproj", "{E95C7371-45BD-41E0-A499-6EC3141D5E41}"
EndProject
Project("{9A19103F-16F7-4668-BE54-9A1E7A4F7556}") = "ProxyPattern", "ProxyPattern\ProxyPattern.csproj", "{EDC10F45-702D-4C48-AC26-9516023FEB99}"
EndProject
Project("{9A19103F-16F7-4668-BE54-9A1E7A4F7556}") = "ChainOfResponsability", "ChainOfResponsability\ChainOfResponsability.csproj", "{2C3F820C-0A78-4711-9194-657F491F25B4}"
EndProject
Project("{9A19103F-16F7-4668-BE54-9A1E7A4F7556}") = "MVC", "MVC\MVC.csproj", "{1C69013A-31D2-4112-9D0E-AF3777FF7730}"
EndProject
Project("{9A19103F-16F7-4668-BE54-9A1E7A4F7556}") = "Prototype", "Prototype\Prototype.csproj", "{74D09C4D-AF0C-41C9-8812-F661FA3AA71F}"
EndProject
Project("{FAE04EC0-301F-11D3-BF4B-00C04F79EFBC}") = "AbstractFactory", "AbstractFactory\AbstractFactory.csproj", "{2AAC2553-D117-4A22-9ED9-76D0D2C933F7}"
EndProject
Project("{FAE04EC0-301F-11D3-BF4B-00C04F79EFBC}") = "Builder", "Builder\Builder.csproj", "{728BE2F3-03F4-4B69-842F-ED1A5D0CFFAE}"
EndProject
Project("{9A19103F-16F7-4668-BE54-9A1E7A4F7556}") = "Decorator2", "Decorator2\Decorator2.csproj", "{4A7B08E5-7A82-46FB-8803-ED3301AEF098}"
EndProject
Project("{2150E333-8FDC-42A3-9474-1A3956D46DE8}") = "Facade", "Facade", "{CA198523-7D5B-4C72-8518-885CCA0CE4C2}"
EndProject
Project("{FAE04EC0-301F-11D3-BF4B-00C04F79EFBC}") = "ClientDriver", "ClientCode\ClientDriver.csproj", "{BA1B2EF2-54D5-447A-8246-0900409B0A8B}"
EndProject
Project("{FAE04EC0-301F-11D3-BF4B-00C04F79EFBC}") = "ValidationServiceComponent", "ValidationService\ValidationServiceComponent.csproj", "{4E2E2B79-663C-4BB5-BB19-2544EBDABC4A}"
EndProject
Project("{FAE04EC0-301F-11D3-BF4B-00C04F79EFBC}") = "AuthenticationServiceComponent", "AuthenticationService\AuthenticationServiceComponent.csproj", "{604AE8BE-35D0-4AAD-B9ED-A6F9DA4E2D2C}"
EndProject
Project("{FAE04EC0-301F-11D3-BF4B-00C04F79EFBC}") = "AuthorizationServiceComponent", "AuthorizationService\AuthorizationServiceComponent.csproj", "{747E5AA6-455B-4C02-89AC-43C4B338E95F}"
EndProject
Project("{FAE04EC0-301F-11D3-BF4B-00C04F79EFBC}") = "LoginFacadeComponent", "LoginFacade\LoginFacadeComponent.csproj", "{38EB8DA1-DEB9-42A2-BA68-7DD6C73B9431}"
EndProject
Project("{2150E333-8FDC-42A3-9474-1A3956D46DE8}") = "Adapter", "Adapter", "{A820E41A-E1C6-4592-8A8D-6782D565AD13}"
EndProject
Project("{FAE04EC0-301F-11D3-BF4B-00C04F79EFBC}") = "ClientAdapterDriver", "ClientAdapterDriver\ClientAdapterDriver.csproj", "{AC8E7A2A-2796-4C57-BB25-0C23D1CB9190}"
EndProject
Global
	GlobalSection(SolutionConfigurationPlatforms) = preSolution
		Debug|Any CPU = Debug|Any CPU
		Release|Any CPU = Release|Any CPU
	EndGlobalSection
	GlobalSection(ProjectConfigurationPlatforms) = postSolution
		{A35EA66D-009D-47FF-B33B-DC523A1ADF9D}.Debug|Any CPU.ActiveCfg = Debug|Any CPU
		{A35EA66D-009D-47FF-B33B-DC523A1ADF9D}.Debug|Any CPU.Build.0 = Debug|Any CPU
		{A35EA66D-009D-47FF-B33B-DC523A1ADF9D}.Release|Any CPU.ActiveCfg = Release|Any CPU
		{A35EA66D-009D-47FF-B33B-DC523A1ADF9D}.Release|Any CPU.Build.0 = Release|Any CPU
		{EF9C5553-7266-402C-B25A-C7D371462044}.Debug|Any CPU.ActiveCfg = Debug|Any CPU
		{EF9C5553-7266-402C-B25A-C7D371462044}.Debug|Any CPU.Build.0 = Debug|Any CPU
		{EF9C5553-7266-402C-B25A-C7D371462044}.Release|Any CPU.ActiveCfg = Release|Any CPU
		{EF9C5553-7266-402C-B25A-C7D371462044}.Release|Any CPU.Build.0 = Release|Any CPU
		{454C7E20-30E7-4852-B0BB-65BEF435F29D}.Debug|Any CPU.ActiveCfg = Debug|Any CPU
		{454C7E20-30E7-4852-B0BB-65BEF435F29D}.Debug|Any CPU.Build.0 = Debug|Any CPU
		{454C7E20-30E7-4852-B0BB-65BEF435F29D}.Release|Any CPU.ActiveCfg = Release|Any CPU
		{454C7E20-30E7-4852-B0BB-65BEF435F29D}.Release|Any CPU.Build.0 = Release|Any CPU
		{971B9E7F-D0B6-4D00-8E78-B9ADE1E292F0}.Debug|Any CPU.ActiveCfg = Debug|Any CPU
		{971B9E7F-D0B6-4D00-8E78-B9ADE1E292F0}.Debug|Any CPU.Build.0 = Debug|Any CPU
		{971B9E7F-D0B6-4D00-8E78-B9ADE1E292F0}.Release|Any CPU.ActiveCfg = Release|Any CPU
		{971B9E7F-D0B6-4D00-8E78-B9ADE1E292F0}.Release|Any CPU.Build.0 = Release|Any CPU
		{F9CB13B0-16A2-4716-BF29-8B680E51379B}.Debug|Any CPU.ActiveCfg = Debug|Any CPU
		{F9CB13B0-16A2-4716-BF29-8B680E51379B}.Debug|Any CPU.Build.0 = Debug|Any CPU
		{F9CB13B0-16A2-4716-BF29-8B680E51379B}.Release|Any CPU.ActiveCfg = Release|Any CPU
		{F9CB13B0-16A2-4716-BF29-8B680E51379B}.Release|Any CPU.Build.0 = Release|Any CPU
		{FABB72D6-1DAF-436A-BF4D-9898576468C6}.Debug|Any CPU.ActiveCfg = Debug|Any CPU
		{FABB72D6-1DAF-436A-BF4D-9898576468C6}.Debug|Any CPU.Build.0 = Debug|Any CPU
		{FABB72D6-1DAF-436A-BF4D-9898576468C6}.Release|Any CPU.ActiveCfg = Release|Any CPU
		{FABB72D6-1DAF-436A-BF4D-9898576468C6}.Release|Any CPU.Build.0 = Release|Any CPU
		{34BC5CF5-5474-4E51-9994-FAE9ADBAA687}.Debug|Any CPU.ActiveCfg = Debug|Any CPU
		{34BC5CF5-5474-4E51-9994-FAE9ADBAA687}.Debug|Any CPU.Build.0 = Debug|Any CPU
		{34BC5CF5-5474-4E51-9994-FAE9ADBAA687}.Release|Any CPU.ActiveCfg = Release|Any CPU
		{34BC5CF5-5474-4E51-9994-FAE9ADBAA687}.Release|Any CPU.Build.0 = Release|Any CPU
		{8A8A3280-0758-4C37-A44F-9173BAA95350}.Debug|Any CPU.ActiveCfg = Debug|Any CPU
		{8A8A3280-0758-4C37-A44F-9173BAA95350}.Debug|Any CPU.Build.0 = Debug|Any CPU
		{8A8A3280-0758-4C37-A44F-9173BAA95350}.Release|Any CPU.ActiveCfg = Release|Any CPU
		{8A8A3280-0758-4C37-A44F-9173BAA95350}.Release|Any CPU.Build.0 = Release|Any CPU
		{91326AB9-1FED-4110-A783-E15BCD98E1DA}.Debug|Any CPU.ActiveCfg = Debug|Any CPU
		{91326AB9-1FED-4110-A783-E15BCD98E1DA}.Debug|Any CPU.Build.0 = Debug|Any CPU
		{91326AB9-1FED-4110-A783-E15BCD98E1DA}.Release|Any CPU.ActiveCfg = Release|Any CPU
		{91326AB9-1FED-4110-A783-E15BCD98E1DA}.Release|Any CPU.Build.0 = Release|Any CPU
		{E95C7371-45BD-41E0-A499-6EC3141D5E41}.Debug|Any CPU.ActiveCfg = Debug|Any CPU
		{E95C7371-45BD-41E0-A499-6EC3141D5E41}.Debug|Any CPU.Build.0 = Debug|Any CPU
		{E95C7371-45BD-41E0-A499-6EC3141D5E41}.Release|Any CPU.ActiveCfg = Release|Any CPU
		{E95C7371-45BD-41E0-A499-6EC3141D5E41}.Release|Any CPU.Build.0 = Release|Any CPU
		{EDC10F45-702D-4C48-AC26-9516023FEB99}.Debug|Any CPU.ActiveCfg = Debug|Any CPU
		{EDC10F45-702D-4C48-AC26-9516023FEB99}.Debug|Any CPU.Build.0 = Debug|Any CPU
		{EDC10F45-702D-4C48-AC26-9516023FEB99}.Release|Any CPU.ActiveCfg = Release|Any CPU
		{EDC10F45-702D-4C48-AC26-9516023FEB99}.Release|Any CPU.Build.0 = Release|Any CPU
		{2C3F820C-0A78-4711-9194-657F491F25B4}.Debug|Any CPU.ActiveCfg = Debug|Any CPU
		{2C3F820C-0A78-4711-9194-657F491F25B4}.Debug|Any CPU.Build.0 = Debug|Any CPU
		{2C3F820C-0A78-4711-9194-657F491F25B4}.Release|Any CPU.ActiveCfg = Release|Any CPU
		{2C3F820C-0A78-4711-9194-657F491F25B4}.Release|Any CPU.Build.0 = Release|Any CPU
		{1C69013A-31D2-4112-9D0E-AF3777FF7730}.Debug|Any CPU.ActiveCfg = Debug|Any CPU
		{1C69013A-31D2-4112-9D0E-AF3777FF7730}.Debug|Any CPU.Build.0 = Debug|Any CPU
		{1C69013A-31D2-4112-9D0E-AF3777FF7730}.Release|Any CPU.ActiveCfg = Release|Any CPU
		{1C69013A-31D2-4112-9D0E-AF3777FF7730}.Release|Any CPU.Build.0 = Release|Any CPU
		{74D09C4D-AF0C-41C9-8812-F661FA3AA71F}.Debug|Any CPU.ActiveCfg = Debug|Any CPU
		{74D09C4D-AF0C-41C9-8812-F661FA3AA71F}.Debug|Any CPU.Build.0 = Debug|Any CPU
		{74D09C4D-AF0C-41C9-8812-F661FA3AA71F}.Release|Any CPU.ActiveCfg = Release|Any CPU
		{74D09C4D-AF0C-41C9-8812-F661FA3AA71F}.Release|Any CPU.Build.0 = Release|Any CPU
		{2AAC2553-D117-4A22-9ED9-76D0D2C933F7}.Debug|Any CPU.ActiveCfg = Debug|Any CPU
		{2AAC2553-D117-4A22-9ED9-76D0D2C933F7}.Debug|Any CPU.Build.0 = Debug|Any CPU
		{2AAC2553-D117-4A22-9ED9-76D0D2C933F7}.Release|Any CPU.ActiveCfg = Release|Any CPU
		{2AAC2553-D117-4A22-9ED9-76D0D2C933F7}.Release|Any CPU.Build.0 = Release|Any CPU
		{728BE2F3-03F4-4B69-842F-ED1A5D0CFFAE}.Debug|Any CPU.ActiveCfg = Debug|Any CPU
		{728BE2F3-03F4-4B69-842F-ED1A5D0CFFAE}.Debug|Any CPU.Build.0 = Debug|Any CPU
		{728BE2F3-03F4-4B69-842F-ED1A5D0CFFAE}.Release|Any CPU.ActiveCfg = Release|Any CPU
		{728BE2F3-03F4-4B69-842F-ED1A5D0CFFAE}.Release|Any CPU.Build.0 = Release|Any CPU
		{4A7B08E5-7A82-46FB-8803-ED3301AEF098}.Debug|Any CPU.ActiveCfg = Debug|Any CPU
		{4A7B08E5-7A82-46FB-8803-ED3301AEF098}.Debug|Any CPU.Build.0 = Debug|Any CPU
		{4A7B08E5-7A82-46FB-8803-ED3301AEF098}.Release|Any CPU.ActiveCfg = Release|Any CPU
		{4A7B08E5-7A82-46FB-8803-ED3301AEF098}.Release|Any CPU.Build.0 = Release|Any CPU
		{BA1B2EF2-54D5-447A-8246-0900409B0A8B}.Debug|Any CPU.ActiveCfg = Debug|Any CPU
		{BA1B2EF2-54D5-447A-8246-0900409B0A8B}.Debug|Any CPU.Build.0 = Debug|Any CPU
		{BA1B2EF2-54D5-447A-8246-0900409B0A8B}.Release|Any CPU.ActiveCfg = Release|Any CPU
		{BA1B2EF2-54D5-447A-8246-0900409B0A8B}.Release|Any CPU.Build.0 = Release|Any CPU
		{4E2E2B79-663C-4BB5-BB19-2544EBDABC4A}.Debug|Any CPU.ActiveCfg = Debug|Any CPU
		{4E2E2B79-663C-4BB5-BB19-2544EBDABC4A}.Debug|Any CPU.Build.0 = Debug|Any CPU
		{4E2E2B79-663C-4BB5-BB19-2544EBDABC4A}.Release|Any CPU.ActiveCfg = Release|Any CPU
		{4E2E2B79-663C-4BB5-BB19-2544EBDABC4A}.Release|Any CPU.Build.0 = Release|Any CPU
		{604AE8BE-35D0-4AAD-B9ED-A6F9DA4E2D2C}.Debug|Any CPU.ActiveCfg = Debug|Any CPU
		{604AE8BE-35D0-4AAD-B9ED-A6F9DA4E2D2C}.Debug|Any CPU.Build.0 = Debug|Any CPU
		{604AE8BE-35D0-4AAD-B9ED-A6F9DA4E2D2C}.Release|Any CPU.ActiveCfg = Release|Any CPU
		{604AE8BE-35D0-4AAD-B9ED-A6F9DA4E2D2C}.Release|Any CPU.Build.0 = Release|Any CPU
		{747E5AA6-455B-4C02-89AC-43C4B338E95F}.Debug|Any CPU.ActiveCfg = Debug|Any CPU
		{747E5AA6-455B-4C02-89AC-43C4B338E95F}.Debug|Any CPU.Build.0 = Debug|Any CPU
		{747E5AA6-455B-4C02-89AC-43C4B338E95F}.Release|Any CPU.ActiveCfg = Release|Any CPU
		{747E5AA6-455B-4C02-89AC-43C4B338E95F}.Release|Any CPU.Build.0 = Release|Any CPU
		{38EB8DA1-DEB9-42A2-BA68-7DD6C73B9431}.Debug|Any CPU.ActiveCfg = Debug|Any CPU
		{38EB8DA1-DEB9-42A2-BA68-7DD6C73B9431}.Debug|Any CPU.Build.0 = Debug|Any CPU
		{38EB8DA1-DEB9-42A2-BA68-7DD6C73B9431}.Release|Any CPU.ActiveCfg = Release|Any CPU
		{38EB8DA1-DEB9-42A2-BA68-7DD6C73B9431}.Release|Any CPU.Build.0 = Release|Any CPU
		{AC8E7A2A-2796-4C57-BB25-0C23D1CB9190}.Debug|Any CPU.ActiveCfg = Debug|Any CPU
		{AC8E7A2A-2796-4C57-BB25-0C23D1CB9190}.Debug|Any CPU.Build.0 = Debug|Any CPU
		{AC8E7A2A-2796-4C57-BB25-0C23D1CB9190}.Release|Any CPU.ActiveCfg = Release|Any CPU
		{AC8E7A2A-2796-4C57-BB25-0C23D1CB9190}.Release|Any CPU.Build.0 = Release|Any CPU
	EndGlobalSection
	GlobalSection(SolutionProperties) = preSolution
		HideSolutionNode = FALSE
	EndGlobalSection
	GlobalSection(NestedProjects) = preSolution
		{BA1B2EF2-54D5-447A-8246-0900409B0A8B} = {CA198523-7D5B-4C72-8518-885CCA0CE4C2}
		{4E2E2B79-663C-4BB5-BB19-2544EBDABC4A} = {CA198523-7D5B-4C72-8518-885CCA0CE4C2}
		{604AE8BE-35D0-4AAD-B9ED-A6F9DA4E2D2C} = {CA198523-7D5B-4C72-8518-885CCA0CE4C2}
		{747E5AA6-455B-4C02-89AC-43C4B338E95F} = {CA198523-7D5B-4C72-8518-885CCA0CE4C2}
		{38EB8DA1-DEB9-42A2-BA68-7DD6C73B9431} = {CA198523-7D5B-4C72-8518-885CCA0CE4C2}
		{AC8E7A2A-2796-4C57-BB25-0C23D1CB9190} = {A820E41A-E1C6-4592-8A8D-6782D565AD13}
	EndGlobalSection
	GlobalSection(ExtensibilityGlobals) = postSolution
		SolutionGuid = {B7074A3B-DE49-4ABE-AACF-75F7EDD6E520}
	EndGlobalSection
EndGlobal
