
Microsoft Visual Studio Solution File, Format Version 12.00
# Visual Studio Version 16
VisualStudioVersion = 16.0.29728.190
MinimumVisualStudioVersion = 10.0.40219.1
Project("{9A19103F-16F7-4668-BE54-9A1E7A4F7556}") = "DIP", "DIP\DIP.csproj", "{A35EA66D-009D-47FF-B33B-DC523A1ADF9D}"
EndProject
Project("{9A19103F-16F7-4668-BE54-9A1E7A4F7556}") = "StrategyPattern", "StrategyPattern\StrategyPattern.csproj", "{EF9C5553-7266-402C-B25A-C7D371462044}"
EndProject
Project("{9A19103F-16F7-4668-BE54-9A1E7A4F7556}") = "ObserverPattern", "ObserverPattern\ObserverPattern.csproj", "{454C7E20-30E7-4852-B0BB-65BEF435F29D}"
EndProject
Project("{9A19103F-16F7-4668-BE54-9A1E7A4F7556}") = "Decorator", "Decorator\Decorator.csproj", "{971B9E7F-D0B6-4D00-8E78-B9ADE1E292F0}"
EndProject
Project("{FAE04EC0-301F-11D3-BF4B-00C04F79EFBC}") = "MVC", "MVC\MVC.csproj", "{A5C8FF7B-5123-4646-B604-8587A2233BA1}"
EndProject
Global
	GlobalSection(SolutionConfigurationPlatforms) = preSolution
		Debug|Any CPU = Debug|Any CPU
		Release|Any CPU = Release|Any CPU
	EndGlobalSection
	GlobalSection(ProjectConfigurationPlatforms) = postSolution
		{A35EA66D-009D-47FF-B33B-DC523A1ADF9D}.Debug|Any CPU.ActiveCfg = Debug|Any CPU
		{A35EA66D-009D-47FF-B33B-DC523A1ADF9D}.Debug|Any CPU.Build.0 = Debug|Any CPU
		{A35EA66D-009D-47FF-B33B-DC523A1ADF9D}.Release|Any CPU.ActiveCfg = Release|Any CPU
		{A35EA66D-009D-47FF-B33B-DC523A1ADF9D}.Release|Any CPU.Build.0 = Release|Any CPU
		{EF9C5553-7266-402C-B25A-C7D371462044}.Debug|Any CPU.ActiveCfg = Debug|Any CPU
		{EF9C5553-7266-402C-B25A-C7D371462044}.Debug|Any CPU.Build.0 = Debug|Any CPU
		{EF9C5553-7266-402C-B25A-C7D371462044}.Release|Any CPU.ActiveCfg = Release|Any CPU
		{EF9C5553-7266-402C-B25A-C7D371462044}.Release|Any CPU.Build.0 = Release|Any CPU
		{454C7E20-30E7-4852-B0BB-65BEF435F29D}.Debug|Any CPU.ActiveCfg = Debug|Any CPU
		{454C7E20-30E7-4852-B0BB-65BEF435F29D}.Debug|Any CPU.Build.0 = Debug|Any CPU
		{454C7E20-30E7-4852-B0BB-65BEF435F29D}.Release|Any CPU.ActiveCfg = Release|Any CPU
		{454C7E20-30E7-4852-B0BB-65BEF435F29D}.Release|Any CPU.Build.0 = Release|Any CPU
		{971B9E7F-D0B6-4D00-8E78-B9ADE1E292F0}.Debug|Any CPU.ActiveCfg = Debug|Any CPU
		{971B9E7F-D0B6-4D00-8E78-B9ADE1E292F0}.Debug|Any CPU.Build.0 = Debug|Any CPU
		{971B9E7F-D0B6-4D00-8E78-B9ADE1E292F0}.Release|Any CPU.ActiveCfg = Release|Any CPU
		{971B9E7F-D0B6-4D00-8E78-B9ADE1E292F0}.Release|Any CPU.Build.0 = Release|Any CPU
		{A5C8FF7B-5123-4646-B604-8587A2233BA1}.Debug|Any CPU.ActiveCfg = Debug|Any CPU
		{A5C8FF7B-5123-4646-B604-8587A2233BA1}.Debug|Any CPU.Build.0 = Debug|Any CPU
		{A5C8FF7B-5123-4646-B604-8587A2233BA1}.Release|Any CPU.ActiveCfg = Release|Any CPU
		{A5C8FF7B-5123-4646-B604-8587A2233BA1}.Release|Any CPU.Build.0 = Release|Any CPU
	EndGlobalSection
	GlobalSection(SolutionProperties) = preSolution
		HideSolutionNode = FALSE
	EndGlobalSection
	GlobalSection(ExtensibilityGlobals) = postSolution
		SolutionGuid = {B7074A3B-DE49-4ABE-AACF-75F7EDD6E520}
	EndGlobalSection
EndGlobal
