
Microsoft Visual Studio Solution File, Format Version 12.00
# Visual Studio Version 16
VisualStudioVersion = 16.0.29728.190
MinimumVisualStudioVersion = 10.0.40219.1
Project("{9A19103F-16F7-4668-BE54-9A1E7A4F7556}") = "DIP", "DIP\DIP.csproj", "{A35EA66D-009D-47FF-B33B-DC523A1ADF9D}"
EndProject
Project("{9A19103F-16F7-4668-BE54-9A1E7A4F7556}") = "StrategyPattern", "StrategyPattern\StrategyPattern.csproj", "{EF9C5553-7266-402C-B25A-C7D371462044}"
EndProject
Project("{9A19103F-16F7-4668-BE54-9A1E7A4F7556}") = "ObserverPattern", "ObserverPattern\ObserverPattern.csproj", "{454C7E20-30E7-4852-B0BB-65BEF435F29D}"
EndProject
Project("{9A19103F-16F7-4668-BE54-9A1E7A4F7556}") = "Decorator", "Decorator\Decorator.csproj", "{971B9E7F-D0B6-4D00-8E78-B9ADE1E292F0}"
EndProject
Project("{9A19103F-16F7-4668-BE54-9A1E7A4F7556}") = "FactoryMethod", "FactoryMethod\FactoryMethod.csproj", "{F9CB13B0-16A2-4716-BF29-8B680E51379B}"
EndProject
Project("{9A19103F-16F7-4668-BE54-9A1E7A4F7556}") = "CommandPattern", "CommandPattern\CommandPattern.csproj", "{FABB72D6-1DAF-436A-BF4D-9898576468C6}"
EndProject
Project("{9A19103F-16F7-4668-BE54-9A1E7A4F7556}") = "Iterator", "Iterator\Iterator.csproj", "{34BC5CF5-5474-4E51-9994-FAE9ADBAA687}"
EndProject
Project("{9A19103F-16F7-4668-BE54-9A1E7A4F7556}") = "Composite", "Composite\Composite.csproj", "{8A8A3280-0758-4C37-A44F-9173BAA95350}"
EndProject
Project("{9A19103F-16F7-4668-BE54-9A1E7A4F7556}") = "State1", "State\State1.csproj", "{91326AB9-1FED-4110-A783-E15BCD98E1DA}"
EndProject
Project("{9A19103F-16F7-4668-BE54-9A1E7A4F7556}") = "State2", "State2\State2.csproj", "{E95C7371-45BD-41E0-A499-6EC3141D5E41}"
EndProject
Project("{9A19103F-16F7-4668-BE54-9A1E7A4F7556}") = "ProxyPattern", "ProxyPattern\ProxyPattern.csproj", "{EDC10F45-702D-4C48-AC26-9516023FEB99}"
EndProject
Project("{9A19103F-16F7-4668-BE54-9A1E7A4F7556}") = "ChainOfResponsability", "ChainOfResponsability\ChainOfResponsability.csproj", "{2C3F820C-0A78-4711-9194-657F491F25B4}"
EndProject
Project("{9A19103F-16F7-4668-BE54-9A1E7A4F7556}") = "MVC", "MVC\MVC.csproj", "{1C69013A-31D2-4112-9D0E-AF3777FF7730}"
EndProject
Project("{9A19103F-16F7-4668-BE54-9A1E7A4F7556}") = "Prototype", "Prototype\Prototype.csproj", "{74D09C4D-AF0C-41C9-8812-F661FA3AA71F}"
EndProject
Project("{FAE04EC0-301F-11D3-BF4B-00C04F79EFBC}") = "AbstractFactory", "AbstractFactory\AbstractFactory.csproj", "{2AAC2553-D117-4A22-9ED9-76D0D2C933F7}"
EndProject
Project("{FAE04EC0-301F-11D3-BF4B-00C04F79EFBC}") = "Builder", "Builder\Builder.csproj", "{728BE2F3-03F4-4B69-842F-ED1A5D0CFFAE}"
EndProject
Project("{9A19103F-16F7-4668-BE54-9A1E7A4F7556}") = "Decorator2", "Decorator2\Decorator2.csproj", "{4A7B08E5-7A82-46FB-8803-ED3301AEF098}"
EndProject
Project("{2150E333-8FDC-42A3-9474-1A3956D46DE8}") = "Facade", "Facade", "{CA198523-7D5B-4C72-8518-885CCA0CE4C2}"
EndProject
Project("{9A19103F-16F7-4668-BE54-9A1E7A4F7556}") = "ClientDriver", "ClientCode\ClientDriver.csproj", "{BA1B2EF2-54D5-447A-8246-0900409B0A8B}"
EndProject
Project("{9A19103F-16F7-4668-BE54-9A1E7A4F7556}") = "ValidationServiceComponent", "ValidationService\ValidationServiceComponent.csproj", "{4E2E2B79-663C-4BB5-BB19-2544EBDABC4A}"
EndProject
Project("{9A19103F-16F7-4668-BE54-9A1E7A4F7556}") = "AuthenticationServiceComponent", "AuthenticationService\AuthenticationServiceComponent.csproj", "{604AE8BE-35D0-4AAD-B9ED-A6F9DA4E2D2C}"
EndProject
Project("{9A19103F-16F7-4668-BE54-9A1E7A4F7556}") = "AuthorizationServiceComponent", "AuthorizationService\AuthorizationServiceComponent.csproj", "{747E5AA6-455B-4C02-89AC-43C4B338E95F}"
EndProject
Project("{9A19103F-16F7-4668-BE54-9A1E7A4F7556}") = "LoginFacadeComponent", "LoginFacade\LoginFacadeComponent.csproj", "{38EB8DA1-DEB9-42A2-BA68-7DD6C73B9431}"
EndProject
Project("{2150E333-8FDC-42A3-9474-1A3956D46DE8}") = "Adapter", "Adapter", "{A820E41A-E1C6-4592-8A8D-6782D565AD13}"
EndProject
Project("{9A19103F-16F7-4668-BE54-9A1E7A4F7556}") = "ClientAdapterDriver", "ClientAdapterDriver\ClientAdapterDriver.csproj", "{AC8E7A2A-2796-4C57-BB25-0C23D1CB9190}"
EndProject
Project("{2150E333-8FDC-42A3-9474-1A3956D46DE8}") = "Observer2", "Observer2", "{34751D8E-D1BA-489B-84E2-21C284A284C1}"
EndProject
Project("{9A19103F-16F7-4668-BE54-9A1E7A4F7556}") = "ObserverDriver", "ObserverDriver\ObserverDriver.csproj", "{E2569D16-B1EB-420A-89F5-5C24DDBAA6EF}"
EndProject
Project("{9A19103F-16F7-4668-BE54-9A1E7A4F7556}") = "ObserverComponent", "ObserverComponent\ObserverComponent.csproj", "{E9BEBB0E-59C1-4DA6-AD9E-C45F00782313}"
EndProject
Project("{9A19103F-16F7-4668-BE54-9A1E7A4F7556}") = "SubjectComponent", "ISubjectComponent\SubjectComponent.csproj", "{5E85161C-FD14-461B-A466-2B92EE9A5D69}"
EndProject
Project("{2150E333-8FDC-42A3-9474-1A3956D46DE8}") = "Command2", "Command2", "{CDABE8C9-8F3D-4EFF-8417-C723F2639116}"
EndProject
Project("{9A19103F-16F7-4668-BE54-9A1E7A4F7556}") = "CommandDriver", "CommandDriver\CommandDriver.csproj", "{3BE66746-9FDF-41E7-BAEC-F1530710C483}"
EndProject
Project("{9A19103F-16F7-4668-BE54-9A1E7A4F7556}") = "DataStorage", "DataStorage\DataStorage.csproj", "{DB2F26F5-C808-4C3C-87D4-B066504098F2}"
EndProject
Project("{9A19103F-16F7-4668-BE54-9A1E7A4F7556}") = "BookModel", "BookModel\BookModel.csproj", "{EDB997BD-AE3C-47D5-812A-60EBF4BA74C9}"
EndProject
Project("{9A19103F-16F7-4668-BE54-9A1E7A4F7556}") = "ShopComponent", "ShopComponent\ShopComponent.csproj", "{E0CE3C50-9070-4F48-B44A-46A686754A4C}"
EndProject
Project("{9A19103F-16F7-4668-BE54-9A1E7A4F7556}") = "CommandsComponent", "CommandsComponent\CommandsComponent.csproj", "{FE02E925-99B0-4AD5-8E3C-63C1B85DB132}"
EndProject
Project("{9A19103F-16F7-4668-BE54-9A1E7A4F7556}") = "CartComponentBackup", "CartComponentBackup\CartComponentBackup.csproj", "{CF333A13-9D87-4F3A-A623-B6E49752ED5E}"
EndProject
Project("{2150E333-8FDC-42A3-9474-1A3956D46DE8}") = "Template", "Template", "{0E65A3F7-D92E-45CB-B764-09E80DECD15B}"
EndProject
Project("{9A19103F-16F7-4668-BE54-9A1E7A4F7556}") = "PrintComponent", "PrintComponent\PrintComponent.csproj", "{4A51E02C-2B3D-448B-BD73-0990CC2D6E3B}"
EndProject
Project("{9A19103F-16F7-4668-BE54-9A1E7A4F7556}") = "PrintMedicalDocumentClient", "PrintMedicalDocument\PrintMedicalDocumentClient.csproj", "{AE2152A1-600F-43AC-AC4C-4534FFE5E969}"
EndProject
Project("{9A19103F-16F7-4668-BE54-9A1E7A4F7556}") = "PrintOfficeDocumentClient", "PrintOfficeDocumentClient\PrintOfficeDocumentClient.csproj", "{383970E5-7190-42C7-8398-8319233F1BFB}"
EndProject
Project("{2150E333-8FDC-42A3-9474-1A3956D46DE8}") = "ChainOfResponsability2", "ChainOfResponsability2", "{040B5399-6479-4298-9436-0FAC205CF1CD}"
EndProject
Project("{9A19103F-16F7-4668-BE54-9A1E7A4F7556}") = "UniversityEmailComponent", "UniversityEmailComponent\UniversityEmailComponent.csproj", "{F6F2A879-EDFE-48D3-8816-D7B17DDC4D5B}"
EndProject
Project("{9A19103F-16F7-4668-BE54-9A1E7A4F7556}") = "UniversityEmailProcessor", "UniversityEmailProcessor\UniversityEmailProcessor.csproj", "{16AFF635-4A5C-4B7C-A92C-D7BBAEA6DEAE}"
EndProject
Project("{9A19103F-16F7-4668-BE54-9A1E7A4F7556}") = "EmailServiceClient", "EmailServiceClient\EmailServiceClient.csproj", "{61383899-DB65-4448-92D8-19C8D95BC98B}"
EndProject
Project("{2150E333-8FDC-42A3-9474-1A3956D46DE8}") = "State", "State", "{5D9D3955-5715-4B28-AFFF-8E6FEC4BDFCB}"
EndProject
Project("{9A19103F-16F7-4668-BE54-9A1E7A4F7556}") = "FoodSystemComponent", "FoodSystemComponenet\FoodSystemComponent.csproj", "{E6E3189E-CBF4-4F9E-9799-C1F853FCBEEF}"
EndProject
Project("{9A19103F-16F7-4668-BE54-9A1E7A4F7556}") = "FoodDataAccess", "FoodDataAccess\FoodDataAccess.csproj", "{961F8BED-C0CB-4C81-9D9B-1102B5007A74}"
EndProject
Project("{9A19103F-16F7-4668-BE54-9A1E7A4F7556}") = "FoodModel", "FoodModel\FoodModel.csproj", "{B8CEC814-3AEB-4CA9-8D1A-5F732E46624F}"
EndProject
Project("{9A19103F-16F7-4668-BE54-9A1E7A4F7556}") = "FoodClient", "FoodClient\FoodClient.csproj", "{37C04A0B-D0D5-44AA-9BEE-1C2D1D415B2B}"
EndProject
Project("{2150E333-8FDC-42A3-9474-1A3956D46DE8}") = "Mediator", "Mediator", "{F64DF147-CDD2-4899-A895-6DAF3C9CE9C9}"
EndProject
Project("{9A19103F-16F7-4668-BE54-9A1E7A4F7556}") = "MediatorDriver", "MediatorDriver\MediatorDriver.csproj", "{009CF327-32F7-47E2-86DD-BD7D06CD650E}"
EndProject
Project("{2150E333-8FDC-42A3-9474-1A3956D46DE8}") = "Bridge", "Bridge", "{3AF40D5C-B2F2-4006-8E76-75374B98775E}"
EndProject
Project("{FAE04EC0-301F-11D3-BF4B-00C04F79EFBC}") = "BridgeImplementation", "BridgeImplementation\BridgeImplementation.csproj", "{86EF41AB-60EE-434A-80DD-3F1A9F1878EF}"
EndProject
Global
	GlobalSection(SolutionConfigurationPlatforms) = preSolution
		Debug|Any CPU = Debug|Any CPU
		Release|Any CPU = Release|Any CPU
	EndGlobalSection
	GlobalSection(ProjectConfigurationPlatforms) = postSolution
		{A35EA66D-009D-47FF-B33B-DC523A1ADF9D}.Debug|Any CPU.ActiveCfg = Debug|Any CPU
		{A35EA66D-009D-47FF-B33B-DC523A1ADF9D}.Debug|Any CPU.Build.0 = Debug|Any CPU
		{A35EA66D-009D-47FF-B33B-DC523A1ADF9D}.Release|Any CPU.ActiveCfg = Release|Any CPU
		{A35EA66D-009D-47FF-B33B-DC523A1ADF9D}.Release|Any CPU.Build.0 = Release|Any CPU
		{EF9C5553-7266-402C-B25A-C7D371462044}.Debug|Any CPU.ActiveCfg = Debug|Any CPU
		{EF9C5553-7266-402C-B25A-C7D371462044}.Debug|Any CPU.Build.0 = Debug|Any CPU
		{EF9C5553-7266-402C-B25A-C7D371462044}.Release|Any CPU.ActiveCfg = Release|Any CPU
		{EF9C5553-7266-402C-B25A-C7D371462044}.Release|Any CPU.Build.0 = Release|Any CPU
		{454C7E20-30E7-4852-B0BB-65BEF435F29D}.Debug|Any CPU.ActiveCfg = Debug|Any CPU
		{454C7E20-30E7-4852-B0BB-65BEF435F29D}.Debug|Any CPU.Build.0 = Debug|Any CPU
		{454C7E20-30E7-4852-B0BB-65BEF435F29D}.Release|Any CPU.ActiveCfg = Release|Any CPU
		{454C7E20-30E7-4852-B0BB-65BEF435F29D}.Release|Any CPU.Build.0 = Release|Any CPU
		{971B9E7F-D0B6-4D00-8E78-B9ADE1E292F0}.Debug|Any CPU.ActiveCfg = Debug|Any CPU
		{971B9E7F-D0B6-4D00-8E78-B9ADE1E292F0}.Debug|Any CPU.Build.0 = Debug|Any CPU
		{971B9E7F-D0B6-4D00-8E78-B9ADE1E292F0}.Release|Any CPU.ActiveCfg = Release|Any CPU
		{971B9E7F-D0B6-4D00-8E78-B9ADE1E292F0}.Release|Any CPU.Build.0 = Release|Any CPU
		{F9CB13B0-16A2-4716-BF29-8B680E51379B}.Debug|Any CPU.ActiveCfg = Debug|Any CPU
		{F9CB13B0-16A2-4716-BF29-8B680E51379B}.Debug|Any CPU.Build.0 = Debug|Any CPU
		{F9CB13B0-16A2-4716-BF29-8B680E51379B}.Release|Any CPU.ActiveCfg = Release|Any CPU
		{F9CB13B0-16A2-4716-BF29-8B680E51379B}.Release|Any CPU.Build.0 = Release|Any CPU
		{FABB72D6-1DAF-436A-BF4D-9898576468C6}.Debug|Any CPU.ActiveCfg = Debug|Any CPU
		{FABB72D6-1DAF-436A-BF4D-9898576468C6}.Debug|Any CPU.Build.0 = Debug|Any CPU
		{FABB72D6-1DAF-436A-BF4D-9898576468C6}.Release|Any CPU.ActiveCfg = Release|Any CPU
		{FABB72D6-1DAF-436A-BF4D-9898576468C6}.Release|Any CPU.Build.0 = Release|Any CPU
		{34BC5CF5-5474-4E51-9994-FAE9ADBAA687}.Debug|Any CPU.ActiveCfg = Debug|Any CPU
		{34BC5CF5-5474-4E51-9994-FAE9ADBAA687}.Debug|Any CPU.Build.0 = Debug|Any CPU
		{34BC5CF5-5474-4E51-9994-FAE9ADBAA687}.Release|Any CPU.ActiveCfg = Release|Any CPU
		{34BC5CF5-5474-4E51-9994-FAE9ADBAA687}.Release|Any CPU.Build.0 = Release|Any CPU
		{8A8A3280-0758-4C37-A44F-9173BAA95350}.Debug|Any CPU.ActiveCfg = Debug|Any CPU
		{8A8A3280-0758-4C37-A44F-9173BAA95350}.Debug|Any CPU.Build.0 = Debug|Any CPU
		{8A8A3280-0758-4C37-A44F-9173BAA95350}.Release|Any CPU.ActiveCfg = Release|Any CPU
		{8A8A3280-0758-4C37-A44F-9173BAA95350}.Release|Any CPU.Build.0 = Release|Any CPU
		{91326AB9-1FED-4110-A783-E15BCD98E1DA}.Debug|Any CPU.ActiveCfg = Debug|Any CPU
		{91326AB9-1FED-4110-A783-E15BCD98E1DA}.Debug|Any CPU.Build.0 = Debug|Any CPU
		{91326AB9-1FED-4110-A783-E15BCD98E1DA}.Release|Any CPU.ActiveCfg = Release|Any CPU
		{91326AB9-1FED-4110-A783-E15BCD98E1DA}.Release|Any CPU.Build.0 = Release|Any CPU
		{E95C7371-45BD-41E0-A499-6EC3141D5E41}.Debug|Any CPU.ActiveCfg = Debug|Any CPU
		{E95C7371-45BD-41E0-A499-6EC3141D5E41}.Debug|Any CPU.Build.0 = Debug|Any CPU
		{E95C7371-45BD-41E0-A499-6EC3141D5E41}.Release|Any CPU.ActiveCfg = Release|Any CPU
		{E95C7371-45BD-41E0-A499-6EC3141D5E41}.Release|Any CPU.Build.0 = Release|Any CPU
		{EDC10F45-702D-4C48-AC26-9516023FEB99}.Debug|Any CPU.ActiveCfg = Debug|Any CPU
		{EDC10F45-702D-4C48-AC26-9516023FEB99}.Debug|Any CPU.Build.0 = Debug|Any CPU
		{EDC10F45-702D-4C48-AC26-9516023FEB99}.Release|Any CPU.ActiveCfg = Release|Any CPU
		{EDC10F45-702D-4C48-AC26-9516023FEB99}.Release|Any CPU.Build.0 = Release|Any CPU
		{2C3F820C-0A78-4711-9194-657F491F25B4}.Debug|Any CPU.ActiveCfg = Debug|Any CPU
		{2C3F820C-0A78-4711-9194-657F491F25B4}.Debug|Any CPU.Build.0 = Debug|Any CPU
		{2C3F820C-0A78-4711-9194-657F491F25B4}.Release|Any CPU.ActiveCfg = Release|Any CPU
		{2C3F820C-0A78-4711-9194-657F491F25B4}.Release|Any CPU.Build.0 = Release|Any CPU
		{1C69013A-31D2-4112-9D0E-AF3777FF7730}.Debug|Any CPU.ActiveCfg = Debug|Any CPU
		{1C69013A-31D2-4112-9D0E-AF3777FF7730}.Debug|Any CPU.Build.0 = Debug|Any CPU
		{1C69013A-31D2-4112-9D0E-AF3777FF7730}.Release|Any CPU.ActiveCfg = Release|Any CPU
		{1C69013A-31D2-4112-9D0E-AF3777FF7730}.Release|Any CPU.Build.0 = Release|Any CPU
		{74D09C4D-AF0C-41C9-8812-F661FA3AA71F}.Debug|Any CPU.ActiveCfg = Debug|Any CPU
		{74D09C4D-AF0C-41C9-8812-F661FA3AA71F}.Debug|Any CPU.Build.0 = Debug|Any CPU
		{74D09C4D-AF0C-41C9-8812-F661FA3AA71F}.Release|Any CPU.ActiveCfg = Release|Any CPU
		{74D09C4D-AF0C-41C9-8812-F661FA3AA71F}.Release|Any CPU.Build.0 = Release|Any CPU
		{2AAC2553-D117-4A22-9ED9-76D0D2C933F7}.Debug|Any CPU.ActiveCfg = Debug|Any CPU
		{2AAC2553-D117-4A22-9ED9-76D0D2C933F7}.Debug|Any CPU.Build.0 = Debug|Any CPU
		{2AAC2553-D117-4A22-9ED9-76D0D2C933F7}.Release|Any CPU.ActiveCfg = Release|Any CPU
		{2AAC2553-D117-4A22-9ED9-76D0D2C933F7}.Release|Any CPU.Build.0 = Release|Any CPU
		{728BE2F3-03F4-4B69-842F-ED1A5D0CFFAE}.Debug|Any CPU.ActiveCfg = Debug|Any CPU
		{728BE2F3-03F4-4B69-842F-ED1A5D0CFFAE}.Debug|Any CPU.Build.0 = Debug|Any CPU
		{728BE2F3-03F4-4B69-842F-ED1A5D0CFFAE}.Release|Any CPU.ActiveCfg = Release|Any CPU
		{728BE2F3-03F4-4B69-842F-ED1A5D0CFFAE}.Release|Any CPU.Build.0 = Release|Any CPU
		{4A7B08E5-7A82-46FB-8803-ED3301AEF098}.Debug|Any CPU.ActiveCfg = Debug|Any CPU
		{4A7B08E5-7A82-46FB-8803-ED3301AEF098}.Debug|Any CPU.Build.0 = Debug|Any CPU
		{4A7B08E5-7A82-46FB-8803-ED3301AEF098}.Release|Any CPU.ActiveCfg = Release|Any CPU
		{4A7B08E5-7A82-46FB-8803-ED3301AEF098}.Release|Any CPU.Build.0 = Release|Any CPU
		{BA1B2EF2-54D5-447A-8246-0900409B0A8B}.Debug|Any CPU.ActiveCfg = Debug|Any CPU
		{BA1B2EF2-54D5-447A-8246-0900409B0A8B}.Debug|Any CPU.Build.0 = Debug|Any CPU
		{BA1B2EF2-54D5-447A-8246-0900409B0A8B}.Release|Any CPU.ActiveCfg = Release|Any CPU
		{BA1B2EF2-54D5-447A-8246-0900409B0A8B}.Release|Any CPU.Build.0 = Release|Any CPU
		{4E2E2B79-663C-4BB5-BB19-2544EBDABC4A}.Debug|Any CPU.ActiveCfg = Debug|Any CPU
		{4E2E2B79-663C-4BB5-BB19-2544EBDABC4A}.Debug|Any CPU.Build.0 = Debug|Any CPU
		{4E2E2B79-663C-4BB5-BB19-2544EBDABC4A}.Release|Any CPU.ActiveCfg = Release|Any CPU
		{4E2E2B79-663C-4BB5-BB19-2544EBDABC4A}.Release|Any CPU.Build.0 = Release|Any CPU
		{604AE8BE-35D0-4AAD-B9ED-A6F9DA4E2D2C}.Debug|Any CPU.ActiveCfg = Debug|Any CPU
		{604AE8BE-35D0-4AAD-B9ED-A6F9DA4E2D2C}.Debug|Any CPU.Build.0 = Debug|Any CPU
		{604AE8BE-35D0-4AAD-B9ED-A6F9DA4E2D2C}.Release|Any CPU.ActiveCfg = Release|Any CPU
		{604AE8BE-35D0-4AAD-B9ED-A6F9DA4E2D2C}.Release|Any CPU.Build.0 = Release|Any CPU
		{747E5AA6-455B-4C02-89AC-43C4B338E95F}.Debug|Any CPU.ActiveCfg = Debug|Any CPU
		{747E5AA6-455B-4C02-89AC-43C4B338E95F}.Debug|Any CPU.Build.0 = Debug|Any CPU
		{747E5AA6-455B-4C02-89AC-43C4B338E95F}.Release|Any CPU.ActiveCfg = Release|Any CPU
		{747E5AA6-455B-4C02-89AC-43C4B338E95F}.Release|Any CPU.Build.0 = Release|Any CPU
		{38EB8DA1-DEB9-42A2-BA68-7DD6C73B9431}.Debug|Any CPU.ActiveCfg = Debug|Any CPU
		{38EB8DA1-DEB9-42A2-BA68-7DD6C73B9431}.Debug|Any CPU.Build.0 = Debug|Any CPU
		{38EB8DA1-DEB9-42A2-BA68-7DD6C73B9431}.Release|Any CPU.ActiveCfg = Release|Any CPU
		{38EB8DA1-DEB9-42A2-BA68-7DD6C73B9431}.Release|Any CPU.Build.0 = Release|Any CPU
		{AC8E7A2A-2796-4C57-BB25-0C23D1CB9190}.Debug|Any CPU.ActiveCfg = Debug|Any CPU
		{AC8E7A2A-2796-4C57-BB25-0C23D1CB9190}.Debug|Any CPU.Build.0 = Debug|Any CPU
		{AC8E7A2A-2796-4C57-BB25-0C23D1CB9190}.Release|Any CPU.ActiveCfg = Release|Any CPU
		{AC8E7A2A-2796-4C57-BB25-0C23D1CB9190}.Release|Any CPU.Build.0 = Release|Any CPU
		{E2569D16-B1EB-420A-89F5-5C24DDBAA6EF}.Debug|Any CPU.ActiveCfg = Debug|Any CPU
		{E2569D16-B1EB-420A-89F5-5C24DDBAA6EF}.Debug|Any CPU.Build.0 = Debug|Any CPU
		{E2569D16-B1EB-420A-89F5-5C24DDBAA6EF}.Release|Any CPU.ActiveCfg = Release|Any CPU
		{E2569D16-B1EB-420A-89F5-5C24DDBAA6EF}.Release|Any CPU.Build.0 = Release|Any CPU
		{E9BEBB0E-59C1-4DA6-AD9E-C45F00782313}.Debug|Any CPU.ActiveCfg = Debug|Any CPU
		{E9BEBB0E-59C1-4DA6-AD9E-C45F00782313}.Debug|Any CPU.Build.0 = Debug|Any CPU
		{E9BEBB0E-59C1-4DA6-AD9E-C45F00782313}.Release|Any CPU.ActiveCfg = Release|Any CPU
		{E9BEBB0E-59C1-4DA6-AD9E-C45F00782313}.Release|Any CPU.Build.0 = Release|Any CPU
		{5E85161C-FD14-461B-A466-2B92EE9A5D69}.Debug|Any CPU.ActiveCfg = Debug|Any CPU
		{5E85161C-FD14-461B-A466-2B92EE9A5D69}.Debug|Any CPU.Build.0 = Debug|Any CPU
		{5E85161C-FD14-461B-A466-2B92EE9A5D69}.Release|Any CPU.ActiveCfg = Release|Any CPU
		{5E85161C-FD14-461B-A466-2B92EE9A5D69}.Release|Any CPU.Build.0 = Release|Any CPU
		{3BE66746-9FDF-41E7-BAEC-F1530710C483}.Debug|Any CPU.ActiveCfg = Debug|Any CPU
		{3BE66746-9FDF-41E7-BAEC-F1530710C483}.Debug|Any CPU.Build.0 = Debug|Any CPU
		{3BE66746-9FDF-41E7-BAEC-F1530710C483}.Release|Any CPU.ActiveCfg = Release|Any CPU
		{3BE66746-9FDF-41E7-BAEC-F1530710C483}.Release|Any CPU.Build.0 = Release|Any CPU
		{DB2F26F5-C808-4C3C-87D4-B066504098F2}.Debug|Any CPU.ActiveCfg = Debug|Any CPU
		{DB2F26F5-C808-4C3C-87D4-B066504098F2}.Debug|Any CPU.Build.0 = Debug|Any CPU
		{DB2F26F5-C808-4C3C-87D4-B066504098F2}.Release|Any CPU.ActiveCfg = Release|Any CPU
		{DB2F26F5-C808-4C3C-87D4-B066504098F2}.Release|Any CPU.Build.0 = Release|Any CPU
		{EDB997BD-AE3C-47D5-812A-60EBF4BA74C9}.Debug|Any CPU.ActiveCfg = Debug|Any CPU
		{EDB997BD-AE3C-47D5-812A-60EBF4BA74C9}.Debug|Any CPU.Build.0 = Debug|Any CPU
		{EDB997BD-AE3C-47D5-812A-60EBF4BA74C9}.Release|Any CPU.ActiveCfg = Release|Any CPU
		{EDB997BD-AE3C-47D5-812A-60EBF4BA74C9}.Release|Any CPU.Build.0 = Release|Any CPU
		{E0CE3C50-9070-4F48-B44A-46A686754A4C}.Debug|Any CPU.ActiveCfg = Debug|Any CPU
		{E0CE3C50-9070-4F48-B44A-46A686754A4C}.Debug|Any CPU.Build.0 = Debug|Any CPU
		{E0CE3C50-9070-4F48-B44A-46A686754A4C}.Release|Any CPU.ActiveCfg = Release|Any CPU
		{E0CE3C50-9070-4F48-B44A-46A686754A4C}.Release|Any CPU.Build.0 = Release|Any CPU
		{FE02E925-99B0-4AD5-8E3C-63C1B85DB132}.Debug|Any CPU.ActiveCfg = Debug|Any CPU
		{FE02E925-99B0-4AD5-8E3C-63C1B85DB132}.Debug|Any CPU.Build.0 = Debug|Any CPU
		{FE02E925-99B0-4AD5-8E3C-63C1B85DB132}.Release|Any CPU.ActiveCfg = Release|Any CPU
		{FE02E925-99B0-4AD5-8E3C-63C1B85DB132}.Release|Any CPU.Build.0 = Release|Any CPU
		{CF333A13-9D87-4F3A-A623-B6E49752ED5E}.Debug|Any CPU.ActiveCfg = Debug|Any CPU
		{CF333A13-9D87-4F3A-A623-B6E49752ED5E}.Debug|Any CPU.Build.0 = Debug|Any CPU
		{CF333A13-9D87-4F3A-A623-B6E49752ED5E}.Release|Any CPU.ActiveCfg = Release|Any CPU
		{CF333A13-9D87-4F3A-A623-B6E49752ED5E}.Release|Any CPU.Build.0 = Release|Any CPU
		{4A51E02C-2B3D-448B-BD73-0990CC2D6E3B}.Debug|Any CPU.ActiveCfg = Debug|Any CPU
		{4A51E02C-2B3D-448B-BD73-0990CC2D6E3B}.Debug|Any CPU.Build.0 = Debug|Any CPU
		{4A51E02C-2B3D-448B-BD73-0990CC2D6E3B}.Release|Any CPU.ActiveCfg = Release|Any CPU
		{4A51E02C-2B3D-448B-BD73-0990CC2D6E3B}.Release|Any CPU.Build.0 = Release|Any CPU
		{AE2152A1-600F-43AC-AC4C-4534FFE5E969}.Debug|Any CPU.ActiveCfg = Debug|Any CPU
		{AE2152A1-600F-43AC-AC4C-4534FFE5E969}.Debug|Any CPU.Build.0 = Debug|Any CPU
		{AE2152A1-600F-43AC-AC4C-4534FFE5E969}.Release|Any CPU.ActiveCfg = Release|Any CPU
		{AE2152A1-600F-43AC-AC4C-4534FFE5E969}.Release|Any CPU.Build.0 = Release|Any CPU
		{383970E5-7190-42C7-8398-8319233F1BFB}.Debug|Any CPU.ActiveCfg = Debug|Any CPU
		{383970E5-7190-42C7-8398-8319233F1BFB}.Debug|Any CPU.Build.0 = Debug|Any CPU
		{383970E5-7190-42C7-8398-8319233F1BFB}.Release|Any CPU.ActiveCfg = Release|Any CPU
		{383970E5-7190-42C7-8398-8319233F1BFB}.Release|Any CPU.Build.0 = Release|Any CPU
		{F6F2A879-EDFE-48D3-8816-D7B17DDC4D5B}.Debug|Any CPU.ActiveCfg = Debug|Any CPU
		{F6F2A879-EDFE-48D3-8816-D7B17DDC4D5B}.Debug|Any CPU.Build.0 = Debug|Any CPU
		{F6F2A879-EDFE-48D3-8816-D7B17DDC4D5B}.Release|Any CPU.ActiveCfg = Release|Any CPU
		{F6F2A879-EDFE-48D3-8816-D7B17DDC4D5B}.Release|Any CPU.Build.0 = Release|Any CPU
		{16AFF635-4A5C-4B7C-A92C-D7BBAEA6DEAE}.Debug|Any CPU.ActiveCfg = Debug|Any CPU
		{16AFF635-4A5C-4B7C-A92C-D7BBAEA6DEAE}.Debug|Any CPU.Build.0 = Debug|Any CPU
		{16AFF635-4A5C-4B7C-A92C-D7BBAEA6DEAE}.Release|Any CPU.ActiveCfg = Release|Any CPU
		{16AFF635-4A5C-4B7C-A92C-D7BBAEA6DEAE}.Release|Any CPU.Build.0 = Release|Any CPU
		{61383899-DB65-4448-92D8-19C8D95BC98B}.Debug|Any CPU.ActiveCfg = Debug|Any CPU
		{61383899-DB65-4448-92D8-19C8D95BC98B}.Debug|Any CPU.Build.0 = Debug|Any CPU
		{61383899-DB65-4448-92D8-19C8D95BC98B}.Release|Any CPU.ActiveCfg = Release|Any CPU
		{61383899-DB65-4448-92D8-19C8D95BC98B}.Release|Any CPU.Build.0 = Release|Any CPU
		{E6E3189E-CBF4-4F9E-9799-C1F853FCBEEF}.Debug|Any CPU.ActiveCfg = Debug|Any CPU
		{E6E3189E-CBF4-4F9E-9799-C1F853FCBEEF}.Debug|Any CPU.Build.0 = Debug|Any CPU
		{E6E3189E-CBF4-4F9E-9799-C1F853FCBEEF}.Release|Any CPU.ActiveCfg = Release|Any CPU
		{E6E3189E-CBF4-4F9E-9799-C1F853FCBEEF}.Release|Any CPU.Build.0 = Release|Any CPU
		{961F8BED-C0CB-4C81-9D9B-1102B5007A74}.Debug|Any CPU.ActiveCfg = Debug|Any CPU
		{961F8BED-C0CB-4C81-9D9B-1102B5007A74}.Debug|Any CPU.Build.0 = Debug|Any CPU
		{961F8BED-C0CB-4C81-9D9B-1102B5007A74}.Release|Any CPU.ActiveCfg = Release|Any CPU
		{961F8BED-C0CB-4C81-9D9B-1102B5007A74}.Release|Any CPU.Build.0 = Release|Any CPU
		{B8CEC814-3AEB-4CA9-8D1A-5F732E46624F}.Debug|Any CPU.ActiveCfg = Debug|Any CPU
		{B8CEC814-3AEB-4CA9-8D1A-5F732E46624F}.Debug|Any CPU.Build.0 = Debug|Any CPU
		{B8CEC814-3AEB-4CA9-8D1A-5F732E46624F}.Release|Any CPU.ActiveCfg = Release|Any CPU
		{B8CEC814-3AEB-4CA9-8D1A-5F732E46624F}.Release|Any CPU.Build.0 = Release|Any CPU
		{37C04A0B-D0D5-44AA-9BEE-1C2D1D415B2B}.Debug|Any CPU.ActiveCfg = Debug|Any CPU
		{37C04A0B-D0D5-44AA-9BEE-1C2D1D415B2B}.Debug|Any CPU.Build.0 = Debug|Any CPU
		{37C04A0B-D0D5-44AA-9BEE-1C2D1D415B2B}.Release|Any CPU.ActiveCfg = Release|Any CPU
		{37C04A0B-D0D5-44AA-9BEE-1C2D1D415B2B}.Release|Any CPU.Build.0 = Release|Any CPU
		{009CF327-32F7-47E2-86DD-BD7D06CD650E}.Debug|Any CPU.ActiveCfg = Debug|Any CPU
		{009CF327-32F7-47E2-86DD-BD7D06CD650E}.Debug|Any CPU.Build.0 = Debug|Any CPU
		{009CF327-32F7-47E2-86DD-BD7D06CD650E}.Release|Any CPU.ActiveCfg = Release|Any CPU
		{009CF327-32F7-47E2-86DD-BD7D06CD650E}.Release|Any CPU.Build.0 = Release|Any CPU
		{86EF41AB-60EE-434A-80DD-3F1A9F1878EF}.Debug|Any CPU.ActiveCfg = Debug|Any CPU
		{86EF41AB-60EE-434A-80DD-3F1A9F1878EF}.Debug|Any CPU.Build.0 = Debug|Any CPU
		{86EF41AB-60EE-434A-80DD-3F1A9F1878EF}.Release|Any CPU.ActiveCfg = Release|Any CPU
		{86EF41AB-60EE-434A-80DD-3F1A9F1878EF}.Release|Any CPU.Build.0 = Release|Any CPU
	EndGlobalSection
	GlobalSection(SolutionProperties) = preSolution
		HideSolutionNode = FALSE
	EndGlobalSection
	GlobalSection(NestedProjects) = preSolution
		{BA1B2EF2-54D5-447A-8246-0900409B0A8B} = {CA198523-7D5B-4C72-8518-885CCA0CE4C2}
		{4E2E2B79-663C-4BB5-BB19-2544EBDABC4A} = {CA198523-7D5B-4C72-8518-885CCA0CE4C2}
		{604AE8BE-35D0-4AAD-B9ED-A6F9DA4E2D2C} = {CA198523-7D5B-4C72-8518-885CCA0CE4C2}
		{747E5AA6-455B-4C02-89AC-43C4B338E95F} = {CA198523-7D5B-4C72-8518-885CCA0CE4C2}
		{38EB8DA1-DEB9-42A2-BA68-7DD6C73B9431} = {CA198523-7D5B-4C72-8518-885CCA0CE4C2}
		{AC8E7A2A-2796-4C57-BB25-0C23D1CB9190} = {A820E41A-E1C6-4592-8A8D-6782D565AD13}
		{E2569D16-B1EB-420A-89F5-5C24DDBAA6EF} = {34751D8E-D1BA-489B-84E2-21C284A284C1}
		{E9BEBB0E-59C1-4DA6-AD9E-C45F00782313} = {34751D8E-D1BA-489B-84E2-21C284A284C1}
		{5E85161C-FD14-461B-A466-2B92EE9A5D69} = {34751D8E-D1BA-489B-84E2-21C284A284C1}
		{3BE66746-9FDF-41E7-BAEC-F1530710C483} = {CDABE8C9-8F3D-4EFF-8417-C723F2639116}
		{DB2F26F5-C808-4C3C-87D4-B066504098F2} = {CDABE8C9-8F3D-4EFF-8417-C723F2639116}
		{EDB997BD-AE3C-47D5-812A-60EBF4BA74C9} = {CDABE8C9-8F3D-4EFF-8417-C723F2639116}
		{E0CE3C50-9070-4F48-B44A-46A686754A4C} = {CDABE8C9-8F3D-4EFF-8417-C723F2639116}
		{FE02E925-99B0-4AD5-8E3C-63C1B85DB132} = {CDABE8C9-8F3D-4EFF-8417-C723F2639116}
		{CF333A13-9D87-4F3A-A623-B6E49752ED5E} = {CDABE8C9-8F3D-4EFF-8417-C723F2639116}
		{4A51E02C-2B3D-448B-BD73-0990CC2D6E3B} = {0E65A3F7-D92E-45CB-B764-09E80DECD15B}
		{AE2152A1-600F-43AC-AC4C-4534FFE5E969} = {0E65A3F7-D92E-45CB-B764-09E80DECD15B}
		{383970E5-7190-42C7-8398-8319233F1BFB} = {0E65A3F7-D92E-45CB-B764-09E80DECD15B}
		{F6F2A879-EDFE-48D3-8816-D7B17DDC4D5B} = {040B5399-6479-4298-9436-0FAC205CF1CD}
		{16AFF635-4A5C-4B7C-A92C-D7BBAEA6DEAE} = {040B5399-6479-4298-9436-0FAC205CF1CD}
		{61383899-DB65-4448-92D8-19C8D95BC98B} = {040B5399-6479-4298-9436-0FAC205CF1CD}
		{E6E3189E-CBF4-4F9E-9799-C1F853FCBEEF} = {5D9D3955-5715-4B28-AFFF-8E6FEC4BDFCB}
		{961F8BED-C0CB-4C81-9D9B-1102B5007A74} = {5D9D3955-5715-4B28-AFFF-8E6FEC4BDFCB}
		{B8CEC814-3AEB-4CA9-8D1A-5F732E46624F} = {5D9D3955-5715-4B28-AFFF-8E6FEC4BDFCB}
		{37C04A0B-D0D5-44AA-9BEE-1C2D1D415B2B} = {5D9D3955-5715-4B28-AFFF-8E6FEC4BDFCB}
		{009CF327-32F7-47E2-86DD-BD7D06CD650E} = {F64DF147-CDD2-4899-A895-6DAF3C9CE9C9}
		{86EF41AB-60EE-434A-80DD-3F1A9F1878EF} = {3AF40D5C-B2F2-4006-8E76-75374B98775E}
	EndGlobalSection
	GlobalSection(ExtensibilityGlobals) = postSolution
		SolutionGuid = {B7074A3B-DE49-4ABE-AACF-75F7EDD6E520}
	EndGlobalSection
EndGlobal
