
Microsoft Visual Studio Solution File, Format Version 12.00
# Visual Studio Version 16
VisualStudioVersion = 16.0.29728.190
MinimumVisualStudioVersion = 10.0.40219.1
Project("{FAE04EC0-301F-11D3-BF4B-00C04F79EFBC}") = "DIP", "DIP\DIP.csproj", "{A35EA66D-009D-47FF-B33B-DC523A1ADF9D}"
EndProject
Global
	GlobalSection(SolutionConfigurationPlatforms) = preSolution
		Debug|Any CPU = Debug|Any CPU
		Release|Any CPU = Release|Any CPU
	EndGlobalSection
	GlobalSection(ProjectConfigurationPlatforms) = postSolution
		{A35EA66D-009D-47FF-B33B-DC523A1ADF9D}.Debug|Any CPU.ActiveCfg = Debug|Any CPU
		{A35EA66D-009D-47FF-B33B-DC523A1ADF9D}.Debug|Any CPU.Build.0 = Debug|Any CPU
		{A35EA66D-009D-47FF-B33B-DC523A1ADF9D}.Release|Any CPU.ActiveCfg = Release|Any CPU
		{A35EA66D-009D-47FF-B33B-DC523A1ADF9D}.Release|Any CPU.Build.0 = Release|Any CPU
	EndGlobalSection
	GlobalSection(SolutionProperties) = preSolution
		HideSolutionNode = FALSE
	EndGlobalSection
	GlobalSection(ExtensibilityGlobals) = postSolution
		SolutionGuid = {B7074A3B-DE49-4ABE-AACF-75F7EDD6E520}
	EndGlobalSection
EndGlobal
